{
  "name": "RedPanda2",
  "lockfileVersion": 2,
  "requires": true,
  "packages": {
    "": {
      "dependencies": {
        "fontawesome": "^5.6.3",
        "sweetalert2": "^11.4.30"
      }
    },
    "node_modules/fontawesome": {
      "version": "5.6.3",
      "resolved": "https://registry.npmjs.org/fontawesome/-/fontawesome-5.6.3.tgz",
      "integrity": "sha512-FCc+CawwsJWWprVEg9X14yI7zI+l9YVAyhzgu70qwGeDn0tLLDH/dVfqgij72g4BBGgLGfK2qnvFGAmYUkhaWg=="
    },
    "node_modules/sweetalert2": {
      "version": "11.4.30",
      "resolved": "https://registry.npmjs.org/sweetalert2/-/sweetalert2-11.4.30.tgz",
      "integrity": "sha512-rrFEglT7oqbZCSVSuK2q9+JDwYXbwVeRavJrbdECASFyq0o4kp5ImduVQAzwq42HfdSq+lvQJu0YpSwT9sLF/A==",
      "funding": {
        "type": "individual",
        "url": "https://sweetalert2.github.io/#donations"
      }
    }
  },
  "dependencies": {
    "fontawesome": {
      "version": "5.6.3",
      "resolved": "https://registry.npmjs.org/fontawesome/-/fontawesome-5.6.3.tgz",
      "integrity": "sha512-FCc+CawwsJWWprVEg9X14yI7zI+l9YVAyhzgu70qwGeDn0tLLDH/dVfqgij72g4BBGgLGfK2qnvFGAmYUkhaWg=="
    },
    "sweetalert2": {
      "version": "11.4.30",
      "resolved": "https://registry.npmjs.org/sweetalert2/-/sweetalert2-11.4.30.tgz",
      "integrity": "sha512-rrFEglT7oqbZCSVSuK2q9+JDwYXbwVeRavJrbdECASFyq0o4kp5ImduVQAzwq42HfdSq+lvQJu0YpSwT9sLF/A=="
    }
  }
}
